
Microsoft Visual Studio Solution File, Format Version 12.00
# Visual Studio Version 17
VisualStudioVersion = 17.0.31903.59
MinimumVisualStudioVersion = 10.0.40219.1
Project("{9A19103F-16F7-4668-BE54-9A1E7A4F7556}") = "CashFlowin.Web", "CashFlowin\CashFlowin.Web.csproj", "{FBEA2730-E5C1-45B2-BC1C-EDC037E87D22}"
EndProject
Project("{9A19103F-16F7-4668-BE54-9A1E7A4F7556}") = "CashFlowin.Terminal", "CashFlowin.Terminal\CashFlowin.Terminal.csproj", "{CBC59655-A7A8-4E78-8D57-DA041F92A367}"
EndProject
Project("{9A19103F-16F7-4668-BE54-9A1E7A4F7556}") = "CashFlowin.UnitTests", "CashFlowin.UnitTests\CashFlowin.UnitTests.csproj", "{787EA90C-9D81-423F-A0E3-A8B868718FF4}"
EndProject
Project("{2150E333-8FDC-42A3-9474-1A3956D46DE8}") = "Solution Items", "Solution Items", "{D6D0A576-F372-4324-B562-A82190B0E6BD}"
	ProjectSection(SolutionItems) = preProject
		CashFlow Example.xls = CashFlow Example.xls
	EndProjectSection
EndProject
Project("{00D1A9C2-B5F0-4AF3-8072-F6C62B433612}") = "CashFlowin.DB", "CashFlowin.DB\CashFlowin.DB.sqlproj", "{EC46F4BA-C5B1-48B2-AD5D-177F99C7B3B8}"
EndProject
Global
	GlobalSection(SolutionConfigurationPlatforms) = preSolution
		Debug|Any CPU = Debug|Any CPU
		Release|Any CPU = Release|Any CPU
	EndGlobalSection
	GlobalSection(ProjectConfigurationPlatforms) = postSolution
		{FBEA2730-E5C1-45B2-BC1C-EDC037E87D22}.Debug|Any CPU.ActiveCfg = Debug|Any CPU
		{FBEA2730-E5C1-45B2-BC1C-EDC037E87D22}.Debug|Any CPU.Build.0 = Debug|Any CPU
		{FBEA2730-E5C1-45B2-BC1C-EDC037E87D22}.Release|Any CPU.ActiveCfg = Release|Any CPU
		{FBEA2730-E5C1-45B2-BC1C-EDC037E87D22}.Release|Any CPU.Build.0 = Release|Any CPU
		{CBC59655-A7A8-4E78-8D57-DA041F92A367}.Debug|Any CPU.ActiveCfg = Debug|Any CPU
		{CBC59655-A7A8-4E78-8D57-DA041F92A367}.Debug|Any CPU.Build.0 = Debug|Any CPU
		{CBC59655-A7A8-4E78-8D57-DA041F92A367}.Release|Any CPU.ActiveCfg = Release|Any CPU
		{CBC59655-A7A8-4E78-8D57-DA041F92A367}.Release|Any CPU.Build.0 = Release|Any CPU
		{787EA90C-9D81-423F-A0E3-A8B868718FF4}.Debug|Any CPU.ActiveCfg = Debug|Any CPU
		{787EA90C-9D81-423F-A0E3-A8B868718FF4}.Debug|Any CPU.Build.0 = Debug|Any CPU
		{787EA90C-9D81-423F-A0E3-A8B868718FF4}.Release|Any CPU.ActiveCfg = Release|Any CPU
		{787EA90C-9D81-423F-A0E3-A8B868718FF4}.Release|Any CPU.Build.0 = Release|Any CPU
		{EC46F4BA-C5B1-48B2-AD5D-177F99C7B3B8}.Debug|Any CPU.ActiveCfg = Debug|Any CPU
		{EC46F4BA-C5B1-48B2-AD5D-177F99C7B3B8}.Debug|Any CPU.Build.0 = Debug|Any CPU
		{EC46F4BA-C5B1-48B2-AD5D-177F99C7B3B8}.Debug|Any CPU.Deploy.0 = Debug|Any CPU
		{EC46F4BA-C5B1-48B2-AD5D-177F99C7B3B8}.Release|Any CPU.ActiveCfg = Release|Any CPU
		{EC46F4BA-C5B1-48B2-AD5D-177F99C7B3B8}.Release|Any CPU.Build.0 = Release|Any CPU
		{EC46F4BA-C5B1-48B2-AD5D-177F99C7B3B8}.Release|Any CPU.Deploy.0 = Release|Any CPU
	EndGlobalSection
	GlobalSection(SolutionProperties) = preSolution
		HideSolutionNode = FALSE
	EndGlobalSection
	GlobalSection(ExtensibilityGlobals) = postSolution
		SolutionGuid = {C93F39B0-6319-4861-995A-53F59E5F4093}
	EndGlobalSection
EndGlobal
